
Microsoft Visual Studio Solution File, Format Version 12.00
# Visual Studio 15
VisualStudioVersion = 15.0.27130.2036
MinimumVisualStudioVersion = 10.0.40219.1
Project("{FAE04EC0-301F-11D3-BF4B-00C04F79EFBC}") = "NeoGasLiquid", "NeoGasLiquid\NeoGasLiquid.csproj", "{5306258F-6C8C-41F4-8490-21C31F119300}"
EndProject
Global
	GlobalSection(SolutionConfigurationPlatforms) = preSolution
		Debug|Any CPU = Debug|Any CPU
		Release|Any CPU = Release|Any CPU
	EndGlobalSection
	GlobalSection(ProjectConfigurationPlatforms) = postSolution
		{5306258F-6C8C-41F4-8490-21C31F119300}.Debug|Any CPU.ActiveCfg = Debug|Any CPU
		{5306258F-6C8C-41F4-8490-21C31F119300}.Debug|Any CPU.Build.0 = Debug|Any CPU
		{5306258F-6C8C-41F4-8490-21C31F119300}.Release|Any CPU.ActiveCfg = Release|Any CPU
		{5306258F-6C8C-41F4-8490-21C31F119300}.Release|Any CPU.Build.0 = Release|Any CPU
	EndGlobalSection
	GlobalSection(SolutionProperties) = preSolution
		HideSolutionNode = FALSE
	EndGlobalSection
	GlobalSection(ExtensibilityGlobals) = postSolution
		SolutionGuid = {F0709AB8-5011-409F-A5F5-54A962D85441}
	EndGlobalSection
EndGlobal
